// !$*UTF8*$!
{
	archiveVersion = 1;
	classes = {
	};
	objectVersion = 55;
	objects = {

/* Begin PBXBuildFile section */
		91B4523727AF836300FF43A6 /* HockeyInfoDatabaseApp.swift in Sources */ = {isa = PBXBuildFile; fileRef = 91B4523627AF836300FF43A6 /* HockeyInfoDatabaseApp.swift */; };
		91B4523B27AF836600FF43A6 /* Assets.xcassets in Resources */ = {isa = PBXBuildFile; fileRef = 91B4523A27AF836600FF43A6 /* Assets.xcassets */; };
		91B4523E27AF836600FF43A6 /* Preview Assets.xcassets in Resources */ = {isa = PBXBuildFile; fileRef = 91B4523D27AF836600FF43A6 /* Preview Assets.xcassets */; };
		91B4524527AF839100FF43A6 /* ViewModels in Resources */ = {isa = PBXBuildFile; fileRef = 91B4524427AF839100FF43A6 /* ViewModels */; };
		91B4524727AF83B000FF43A6 /* Extensions in Resources */ = {isa = PBXBuildFile; fileRef = 91B4524627AF83B000FF43A6 /* Extensions */; };
		91B4524927AF83BE00FF43A6 /* Utils in Resources */ = {isa = PBXBuildFile; fileRef = 91B4524827AF83BE00FF43A6 /* Utils */; };
		91B4524B27AF83CF00FF43A6 /* Error Enums in Resources */ = {isa = PBXBuildFile; fileRef = 91B4524A27AF83CF00FF43A6 /* Error Enums */; };
		91B4524D27AF83DD00FF43A6 /* Enums in Resources */ = {isa = PBXBuildFile; fileRef = 91B4524C27AF83DD00FF43A6 /* Enums */; };
		91B4524F27AF83E900FF43A6 /* Database Models in Resources */ = {isa = PBXBuildFile; fileRef = 91B4524E27AF83E900FF43A6 /* Database Models */; };
		91B4525127AF840000FF43A6 /* Constants.swift in Sources */ = {isa = PBXBuildFile; fileRef = 91B4525027AF840000FF43A6 /* Constants.swift */; };
		91B4525427AF841C00FF43A6 /* NeumorphicButtonStyle.swift in Sources */ = {isa = PBXBuildFile; fileRef = 91B4525327AF841C00FF43A6 /* NeumorphicButtonStyle.swift */; };
		91B4525627AF845D00FF43A6 /* Views in Resources */ = {isa = PBXBuildFile; fileRef = 91B4525527AF845D00FF43A6 /* Views */; };
		91B4525827AF84D100FF43A6 /* Managers in Resources */ = {isa = PBXBuildFile; fileRef = 91B4525727AF84D100FF43A6 /* Managers */; };
		91B4525A27AF84DC00FF43A6 /* Logging in Resources */ = {isa = PBXBuildFile; fileRef = 91B4525927AF84DC00FF43A6 /* Logging */; };
		91B4525C27AF854B00FF43A6 /* Models in Resources */ = {isa = PBXBuildFile; fileRef = 91B4525B27AF854B00FF43A6 /* Models */; };
		91B4525F27AF868800FF43A6 /* Realm in Frameworks */ = {isa = PBXBuildFile; productRef = 91B4525E27AF868800FF43A6 /* Realm */; };
		91B4526127AF868800FF43A6 /* RealmSwift in Frameworks */ = {isa = PBXBuildFile; productRef = 91B4526027AF868800FF43A6 /* RealmSwift */; };
		91B4526527AF880100FF43A6 /* ScoresView.swift in Sources */ = {isa = PBXBuildFile; fileRef = 91B4526427AF880100FF43A6 /* ScoresView.swift */; };
		91B4526927AF88CA00FF43A6 /* PeriodEnum.swift in Sources */ = {isa = PBXBuildFile; fileRef = 91B4526827AF88CA00FF43A6 /* PeriodEnum.swift */; };
		91B4526B27AF88E600FF43A6 /* ScheduleView.swift in Sources */ = {isa = PBXBuildFile; fileRef = 91B4526A27AF88E600FF43A6 /* ScheduleView.swift */; };
		91B4526D27AF8F3800FF43A6 /* DivisionTeamView.swift in Sources */ = {isa = PBXBuildFile; fileRef = 91B4526C27AF8F3800FF43A6 /* DivisionTeamView.swift */; };
		91B4526F27AF910100FF43A6 /* TeamViewModel.swift in Sources */ = {isa = PBXBuildFile; fileRef = 91B4526E27AF910100FF43A6 /* TeamViewModel.swift */; };
		91B4527127AF912B00FF43A6 /* Team.swift in Sources */ = {isa = PBXBuildFile; fileRef = 91B4527027AF912B00FF43A6 /* Team.swift */; };
		91B4527327AFA4E700FF43A6 /* TeamTabView.swift in Sources */ = {isa = PBXBuildFile; fileRef = 91B4527227AFA4E700FF43A6 /* TeamTabView.swift */; };
		91B4527527AFA79F00FF43A6 /* ConferenceTeamView.swift in Sources */ = {isa = PBXBuildFile; fileRef = 91B4527427AFA79F00FF43A6 /* ConferenceTeamView.swift */; };
		91B4527727AFA9F600FF43A6 /* LeagueTeamView.swift in Sources */ = {isa = PBXBuildFile; fileRef = 91B4527627AFA9F600FF43A6 /* LeagueTeamView.swift */; };
/* End PBXBuildFile section */

/* Begin PBXFileReference section */
		91B4523327AF836300FF43A6 /* HockeyInfoDatabase.app */ = {isa = PBXFileReference; explicitFileType = wrapper.application; includeInIndex = 0; path = HockeyInfoDatabase.app; sourceTree = BUILT_PRODUCTS_DIR; };
		91B4523627AF836300FF43A6 /* HockeyInfoDatabaseApp.swift */ = {isa = PBXFileReference; lastKnownFileType = sourcecode.swift; path = HockeyInfoDatabaseApp.swift; sourceTree = "<group>"; };
		91B4523A27AF836600FF43A6 /* Assets.xcassets */ = {isa = PBXFileReference; lastKnownFileType = folder.assetcatalog; path = Assets.xcassets; sourceTree = "<group>"; };
		91B4523D27AF836600FF43A6 /* Preview Assets.xcassets */ = {isa = PBXFileReference; lastKnownFileType = folder.assetcatalog; path = "Preview Assets.xcassets"; sourceTree = "<group>"; };
		91B4524427AF839100FF43A6 /* ViewModels */ = {isa = PBXFileReference; lastKnownFileType = folder; path = ViewModels; sourceTree = "<group>"; };
		91B4524627AF83B000FF43A6 /* Extensions */ = {isa = PBXFileReference; lastKnownFileType = folder; path = Extensions; sourceTree = "<group>"; };
		91B4524827AF83BE00FF43A6 /* Utils */ = {isa = PBXFileReference; lastKnownFileType = folder; path = Utils; sourceTree = "<group>"; };
		91B4524A27AF83CF00FF43A6 /* Error Enums */ = {isa = PBXFileReference; lastKnownFileType = folder; path = "Error Enums"; sourceTree = "<group>"; };
		91B4524C27AF83DD00FF43A6 /* Enums */ = {isa = PBXFileReference; lastKnownFileType = folder; path = Enums; sourceTree = "<group>"; };
		91B4524E27AF83E900FF43A6 /* Database Models */ = {isa = PBXFileReference; lastKnownFileType = folder; path = "Database Models"; sourceTree = "<group>"; };
		91B4525027AF840000FF43A6 /* Constants.swift */ = {isa = PBXFileReference; fileEncoding = 4; lastKnownFileType = sourcecode.swift; path = Constants.swift; sourceTree = "<group>"; };
		91B4525327AF841C00FF43A6 /* NeumorphicButtonStyle.swift */ = {isa = PBXFileReference; fileEncoding = 4; lastKnownFileType = sourcecode.swift; path = NeumorphicButtonStyle.swift; sourceTree = "<group>"; };
		91B4525527AF845D00FF43A6 /* Views */ = {isa = PBXFileReference; lastKnownFileType = folder; path = Views; sourceTree = "<group>"; };
		91B4525727AF84D100FF43A6 /* Managers */ = {isa = PBXFileReference; lastKnownFileType = folder; path = Managers; sourceTree = "<group>"; };
		91B4525927AF84DC00FF43A6 /* Logging */ = {isa = PBXFileReference; lastKnownFileType = folder; path = Logging; sourceTree = "<group>"; };
		91B4525B27AF854B00FF43A6 /* Models */ = {isa = PBXFileReference; lastKnownFileType = folder; path = Models; sourceTree = "<group>"; };
		91B4526427AF880100FF43A6 /* ScoresView.swift */ = {isa = PBXFileReference; lastKnownFileType = sourcecode.swift; path = ScoresView.swift; sourceTree = "<group>"; };
		91B4526827AF88CA00FF43A6 /* PeriodEnum.swift */ = {isa = PBXFileReference; lastKnownFileType = sourcecode.swift; path = PeriodEnum.swift; sourceTree = "<group>"; };
		91B4526A27AF88E600FF43A6 /* ScheduleView.swift */ = {isa = PBXFileReference; lastKnownFileType = sourcecode.swift; path = ScheduleView.swift; sourceTree = "<group>"; };
		91B4526C27AF8F3800FF43A6 /* DivisionTeamView.swift */ = {isa = PBXFileReference; lastKnownFileType = sourcecode.swift; path = DivisionTeamView.swift; sourceTree = "<group>"; };
		91B4526E27AF910100FF43A6 /* TeamViewModel.swift */ = {isa = PBXFileReference; lastKnownFileType = sourcecode.swift; name = TeamViewModel.swift; path = ViewModels/TeamViewModel.swift; sourceTree = "<group>"; };
		91B4527027AF912B00FF43A6 /* Team.swift */ = {isa = PBXFileReference; lastKnownFileType = sourcecode.swift; path = Team.swift; sourceTree = "<group>"; };
		91B4527227AFA4E700FF43A6 /* TeamTabView.swift */ = {isa = PBXFileReference; lastKnownFileType = sourcecode.swift; path = TeamTabView.swift; sourceTree = "<group>"; };
		91B4527427AFA79F00FF43A6 /* ConferenceTeamView.swift */ = {isa = PBXFileReference; lastKnownFileType = sourcecode.swift; path = ConferenceTeamView.swift; sourceTree = "<group>"; };
		91B4527627AFA9F600FF43A6 /* LeagueTeamView.swift */ = {isa = PBXFileReference; lastKnownFileType = sourcecode.swift; path = LeagueTeamView.swift; sourceTree = "<group>"; };
/* End PBXFileReference section */

/* Begin PBXFrameworksBuildPhase section */
		91B4523027AF836300FF43A6 /* Frameworks */ = {
			isa = PBXFrameworksBuildPhase;
			buildActionMask = 2147483647;
			files = (
				91B4526127AF868800FF43A6 /* RealmSwift in Frameworks */,
				91B4525F27AF868800FF43A6 /* Realm in Frameworks */,
			);
			runOnlyForDeploymentPostprocessing = 0;
		};
/* End PBXFrameworksBuildPhase section */

/* Begin PBXGroup section */
		91B4522A27AF836300FF43A6 = {
			isa = PBXGroup;
			children = (
				91B4523527AF836300FF43A6 /* HockeyInfoDatabase */,
				91B4523427AF836300FF43A6 /* Products */,
			);
			sourceTree = "<group>";
		};
		91B4523427AF836300FF43A6 /* Products */ = {
			isa = PBXGroup;
			children = (
				91B4523327AF836300FF43A6 /* HockeyInfoDatabase.app */,
			);
			name = Products;
			sourceTree = "<group>";
		};
		91B4523527AF836300FF43A6 /* HockeyInfoDatabase */ = {
			isa = PBXGroup;
			children = (
				91B4523627AF836300FF43A6 /* HockeyInfoDatabaseApp.swift */,
				91B4525027AF840000FF43A6 /* Constants.swift */,
				91B4526427AF880100FF43A6 /* ScoresView.swift */,
				91B4527027AF912B00FF43A6 /* Team.swift */,
				91B4526827AF88CA00FF43A6 /* PeriodEnum.swift */,
				91B4526E27AF910100FF43A6 /* TeamViewModel.swift */,
				91B4526A27AF88E600FF43A6 /* ScheduleView.swift */,
				91B4525327AF841C00FF43A6 /* NeumorphicButtonStyle.swift */,
				91B4526C27AF8F3800FF43A6 /* DivisionTeamView.swift */,
				91B4527427AFA79F00FF43A6 /* ConferenceTeamView.swift */,
				91B4527627AFA9F600FF43A6 /* LeagueTeamView.swift */,
				91B4527227AFA4E700FF43A6 /* TeamTabView.swift */,
				91B4525B27AF854B00FF43A6 /* Models */,
				91B4525927AF84DC00FF43A6 /* Logging */,
				91B4525727AF84D100FF43A6 /* Managers */,
				91B4525527AF845D00FF43A6 /* Views */,
				91B4524E27AF83E900FF43A6 /* Database Models */,
				91B4524C27AF83DD00FF43A6 /* Enums */,
				91B4524A27AF83CF00FF43A6 /* Error Enums */,
				91B4524827AF83BE00FF43A6 /* Utils */,
				91B4524627AF83B000FF43A6 /* Extensions */,
				91B4524427AF839100FF43A6 /* ViewModels */,
				91B4523A27AF836600FF43A6 /* Assets.xcassets */,
				91B4523C27AF836600FF43A6 /* Preview Content */,
			);
			path = HockeyInfoDatabase;
			sourceTree = "<group>";
		};
		91B4523C27AF836600FF43A6 /* Preview Content */ = {
			isa = PBXGroup;
			children = (
				91B4523D27AF836600FF43A6 /* Preview Assets.xcassets */,
			);
			path = "Preview Content";
			sourceTree = "<group>";
		};
/* End PBXGroup section */

/* Begin PBXNativeTarget section */
		91B4523227AF836300FF43A6 /* HockeyInfoDatabase */ = {
			isa = PBXNativeTarget;
			buildConfigurationList = 91B4524127AF836600FF43A6 /* Build configuration list for PBXNativeTarget "HockeyInfoDatabase" */;
			buildPhases = (
				91B4522F27AF836300FF43A6 /* Sources */,
				91B4523027AF836300FF43A6 /* Frameworks */,
				91B4523127AF836300FF43A6 /* Resources */,
			);
			buildRules = (
			);
			dependencies = (
			);
			name = HockeyInfoDatabase;
			packageProductDependencies = (
				91B4525E27AF868800FF43A6 /* Realm */,
				91B4526027AF868800FF43A6 /* RealmSwift */,
			);
			productName = HockeyInfoDatabase;
			productReference = 91B4523327AF836300FF43A6 /* HockeyInfoDatabase.app */;
			productType = "com.apple.product-type.application";
		};
/* End PBXNativeTarget section */

/* Begin PBXProject section */
		91B4522B27AF836300FF43A6 /* Project object */ = {
			isa = PBXProject;
			attributes = {
				BuildIndependentTargetsInParallel = 1;
				LastSwiftUpdateCheck = 1320;
				LastUpgradeCheck = 1320;
				TargetAttributes = {
					91B4523227AF836300FF43A6 = {
						CreatedOnToolsVersion = 13.2.1;
					};
				};
			};
			buildConfigurationList = 91B4522E27AF836300FF43A6 /* Build configuration list for PBXProject "HockeyInfoDatabase" */;
			compatibilityVersion = "Xcode 13.0";
			developmentRegion = en;
			hasScannedForEncodings = 0;
			knownRegions = (
				en,
				Base,
			);
			mainGroup = 91B4522A27AF836300FF43A6;
			packageReferences = (
				91B4525D27AF868800FF43A6 /* XCRemoteSwiftPackageReference "realm-swift" */,
			);
			productRefGroup = 91B4523427AF836300FF43A6 /* Products */;
			projectDirPath = "";
			projectRoot = "";
			targets = (
				91B4523227AF836300FF43A6 /* HockeyInfoDatabase */,
			);
		};
/* End PBXProject section */

/* Begin PBXResourcesBuildPhase section */
		91B4523127AF836300FF43A6 /* Resources */ = {
			isa = PBXResourcesBuildPhase;
			buildActionMask = 2147483647;
			files = (
				91B4525627AF845D00FF43A6 /* Views in Resources */,
				91B4524F27AF83E900FF43A6 /* Database Models in Resources */,
				91B4524D27AF83DD00FF43A6 /* Enums in Resources */,
				91B4523E27AF836600FF43A6 /* Preview Assets.xcassets in Resources */,
				91B4524B27AF83CF00FF43A6 /* Error Enums in Resources */,
				91B4523B27AF836600FF43A6 /* Assets.xcassets in Resources */,
				91B4525C27AF854B00FF43A6 /* Models in Resources */,
				91B4525827AF84D100FF43A6 /* Managers in Resources */,
				91B4525A27AF84DC00FF43A6 /* Logging in Resources */,
				91B4524927AF83BE00FF43A6 /* Utils in Resources */,
				91B4524727AF83B000FF43A6 /* Extensions in Resources */,
				91B4524527AF839100FF43A6 /* ViewModels in Resources */,
			);
			runOnlyForDeploymentPostprocessing = 0;
		};
/* End PBXResourcesBuildPhase section */

/* Begin PBXSourcesBuildPhase section */
		91B4522F27AF836300FF43A6 /* Sources */ = {
			isa = PBXSourcesBuildPhase;
			buildActionMask = 2147483647;
			files = (
				91B4527127AF912B00FF43A6 /* Team.swift in Sources */,
				91B4526927AF88CA00FF43A6 /* PeriodEnum.swift in Sources */,
				91B4526F27AF910100FF43A6 /* TeamViewModel.swift in Sources */,
				91B4525427AF841C00FF43A6 /* NeumorphicButtonStyle.swift in Sources */,
				91B4527727AFA9F600FF43A6 /* LeagueTeamView.swift in Sources */,
				91B4527527AFA79F00FF43A6 /* ConferenceTeamView.swift in Sources */,
				91B4526527AF880100FF43A6 /* ScoresView.swift in Sources */,
				91B4527327AFA4E700FF43A6 /* TeamTabView.swift in Sources */,
				91B4523727AF836300FF43A6 /* HockeyInfoDatabaseApp.swift in Sources */,
				91B4525127AF840000FF43A6 /* Constants.swift in Sources */,
				91B4526D27AF8F3800FF43A6 /* DivisionTeamView.swift in Sources */,
				91B4526B27AF88E600FF43A6 /* ScheduleView.swift in Sources */,
			);
			runOnlyForDeploymentPostprocessing = 0;
		};
/* End PBXSourcesBuildPhase section */

/* Begin XCBuildConfiguration section */
		91B4523F27AF836600FF43A6 /* Debug */ = {
			isa = XCBuildConfiguration;
			buildSettings = {
				ALWAYS_SEARCH_USER_PATHS = NO;
				CLANG_ANALYZER_NONNULL = YES;
				CLANG_ANALYZER_NUMBER_OBJECT_CONVERSION = YES_AGGRESSIVE;
				CLANG_CXX_LANGUAGE_STANDARD = "gnu++17";
				CLANG_CXX_LIBRARY = "libc++";
				CLANG_ENABLE_MODULES = YES;
				CLANG_ENABLE_OBJC_ARC = YES;
				CLANG_ENABLE_OBJC_WEAK = YES;
				CLANG_WARN_BLOCK_CAPTURE_AUTORELEASING = YES;
				CLANG_WARN_BOOL_CONVERSION = YES;
				CLANG_WARN_COMMA = YES;
				CLANG_WARN_CONSTANT_CONVERSION = YES;
				CLANG_WARN_DEPRECATED_OBJC_IMPLEMENTATIONS = YES;
				CLANG_WARN_DIRECT_OBJC_ISA_USAGE = YES_ERROR;
				CLANG_WARN_DOCUMENTATION_COMMENTS = YES;
				CLANG_WARN_EMPTY_BODY = YES;
				CLANG_WARN_ENUM_CONVERSION = YES;
				CLANG_WARN_INFINITE_RECURSION = YES;
				CLANG_WARN_INT_CONVERSION = YES;
				CLANG_WARN_NON_LITERAL_NULL_CONVERSION = YES;
				CLANG_WARN_OBJC_IMPLICIT_RETAIN_SELF = YES;
				CLANG_WARN_OBJC_LITERAL_CONVERSION = YES;
				CLANG_WARN_OBJC_ROOT_CLASS = YES_ERROR;
				CLANG_WARN_QUOTED_INCLUDE_IN_FRAMEWORK_HEADER = YES;
				CLANG_WARN_RANGE_LOOP_ANALYSIS = YES;
				CLANG_WARN_STRICT_PROTOTYPES = YES;
				CLANG_WARN_SUSPICIOUS_MOVE = YES;
				CLANG_WARN_UNGUARDED_AVAILABILITY = YES_AGGRESSIVE;
				CLANG_WARN_UNREACHABLE_CODE = YES;
				CLANG_WARN__DUPLICATE_METHOD_MATCH = YES;
				COPY_PHASE_STRIP = NO;
				DEBUG_INFORMATION_FORMAT = dwarf;
				ENABLE_STRICT_OBJC_MSGSEND = YES;
				ENABLE_TESTABILITY = YES;
				GCC_C_LANGUAGE_STANDARD = gnu11;
				GCC_DYNAMIC_NO_PIC = NO;
				GCC_NO_COMMON_BLOCKS = YES;
				GCC_OPTIMIZATION_LEVEL = 0;
				GCC_PREPROCESSOR_DEFINITIONS = (
					"DEBUG=1",
					"$(inherited)",
				);
				GCC_WARN_64_TO_32_BIT_CONVERSION = YES;
				GCC_WARN_ABOUT_RETURN_TYPE = YES_ERROR;
				GCC_WARN_UNDECLARED_SELECTOR = YES;
				GCC_WARN_UNINITIALIZED_AUTOS = YES_AGGRESSIVE;
				GCC_WARN_UNUSED_FUNCTION = YES;
				GCC_WARN_UNUSED_VARIABLE = YES;
				IPHONEOS_DEPLOYMENT_TARGET = 15.2;
				MTL_ENABLE_DEBUG_INFO = INCLUDE_SOURCE;
				MTL_FAST_MATH = YES;
				ONLY_ACTIVE_ARCH = YES;
				SDKROOT = iphoneos;
				SWIFT_ACTIVE_COMPILATION_CONDITIONS = DEBUG;
				SWIFT_OPTIMIZATION_LEVEL = "-Onone";
			};
			name = Debug;
		};
		91B4524027AF836600FF43A6 /* Release */ = {
			isa = XCBuildConfiguration;
			buildSettings = {
				ALWAYS_SEARCH_USER_PATHS = NO;
				CLANG_ANALYZER_NONNULL = YES;
				CLANG_ANALYZER_NUMBER_OBJECT_CONVERSION = YES_AGGRESSIVE;
				CLANG_CXX_LANGUAGE_STANDARD = "gnu++17";
				CLANG_CXX_LIBRARY = "libc++";
				CLANG_ENABLE_MODULES = YES;
				CLANG_ENABLE_OBJC_ARC = YES;
				CLANG_ENABLE_OBJC_WEAK = YES;
				CLANG_WARN_BLOCK_CAPTURE_AUTORELEASING = YES;
				CLANG_WARN_BOOL_CONVERSION = YES;
				CLANG_WARN_COMMA = YES;
				CLANG_WARN_CONSTANT_CONVERSION = YES;
				CLANG_WARN_DEPRECATED_OBJC_IMPLEMENTATIONS = YES;
				CLANG_WARN_DIRECT_OBJC_ISA_USAGE = YES_ERROR;
				CLANG_WARN_DOCUMENTATION_COMMENTS = YES;
				CLANG_WARN_EMPTY_BODY = YES;
				CLANG_WARN_ENUM_CONVERSION = YES;
				CLANG_WARN_INFINITE_RECURSION = YES;
				CLANG_WARN_INT_CONVERSION = YES;
				CLANG_WARN_NON_LITERAL_NULL_CONVERSION = YES;
				CLANG_WARN_OBJC_IMPLICIT_RETAIN_SELF = YES;
				CLANG_WARN_OBJC_LITERAL_CONVERSION = YES;
				CLANG_WARN_OBJC_ROOT_CLASS = YES_ERROR;
				CLANG_WARN_QUOTED_INCLUDE_IN_FRAMEWORK_HEADER = YES;
				CLANG_WARN_RANGE_LOOP_ANALYSIS = YES;
				CLANG_WARN_STRICT_PROTOTYPES = YES;
				CLANG_WARN_SUSPICIOUS_MOVE = YES;
				CLANG_WARN_UNGUARDED_AVAILABILITY = YES_AGGRESSIVE;
				CLANG_WARN_UNREACHABLE_CODE = YES;
				CLANG_WARN__DUPLICATE_METHOD_MATCH = YES;
				COPY_PHASE_STRIP = NO;
				DEBUG_INFORMATION_FORMAT = "dwarf-with-dsym";
				ENABLE_NS_ASSERTIONS = NO;
				ENABLE_STRICT_OBJC_MSGSEND = YES;
				GCC_C_LANGUAGE_STANDARD = gnu11;
				GCC_NO_COMMON_BLOCKS = YES;
				GCC_WARN_64_TO_32_BIT_CONVERSION = YES;
				GCC_WARN_ABOUT_RETURN_TYPE = YES_ERROR;
				GCC_WARN_UNDECLARED_SELECTOR = YES;
				GCC_WARN_UNINITIALIZED_AUTOS = YES_AGGRESSIVE;
				GCC_WARN_UNUSED_FUNCTION = YES;
				GCC_WARN_UNUSED_VARIABLE = YES;
				IPHONEOS_DEPLOYMENT_TARGET = 15.2;
				MTL_ENABLE_DEBUG_INFO = NO;
				MTL_FAST_MATH = YES;
				SDKROOT = iphoneos;
				SWIFT_COMPILATION_MODE = wholemodule;
				SWIFT_OPTIMIZATION_LEVEL = "-O";
				VALIDATE_PRODUCT = YES;
			};
			name = Release;
		};
		91B4524227AF836600FF43A6 /* Debug */ = {
			isa = XCBuildConfiguration;
			buildSettings = {
				ASSETCATALOG_COMPILER_APPICON_NAME = AppIcon;
				ASSETCATALOG_COMPILER_GLOBAL_ACCENT_COLOR_NAME = AccentColor;
				CODE_SIGN_STYLE = Automatic;
				CURRENT_PROJECT_VERSION = 1;
				DEVELOPMENT_ASSET_PATHS = "\"HockeyInfoDatabase/Preview Content\"";
				DEVELOPMENT_TEAM = C37927XKUL;
				ENABLE_PREVIEWS = YES;
				GENERATE_INFOPLIST_FILE = YES;
				INFOPLIST_KEY_UIApplicationSceneManifest_Generation = YES;
				INFOPLIST_KEY_UIApplicationSupportsIndirectInputEvents = YES;
				INFOPLIST_KEY_UILaunchScreen_Generation = YES;
				INFOPLIST_KEY_UISupportedInterfaceOrientations_iPad = "UIInterfaceOrientationPortrait UIInterfaceOrientationPortraitUpsideDown UIInterfaceOrientationLandscapeLeft UIInterfaceOrientationLandscapeRight";
				INFOPLIST_KEY_UISupportedInterfaceOrientations_iPhone = "UIInterfaceOrientationPortrait UIInterfaceOrientationLandscapeLeft UIInterfaceOrientationLandscapeRight";
				LD_RUNPATH_SEARCH_PATHS = (
					"$(inherited)",
					"@executable_path/Frameworks",
				);
				MARKETING_VERSION = 1.0;
				PRODUCT_BUNDLE_IDENTIFIER = com.larryburris.HockeyInfoDatabase;
				PRODUCT_NAME = "$(TARGET_NAME)";
				SWIFT_EMIT_LOC_STRINGS = YES;
				SWIFT_VERSION = 5.0;
				TARGETED_DEVICE_FAMILY = "1,2";
			};
			name = Debug;
		};
		91B4524327AF836600FF43A6 /* Release */ = {
			isa = XCBuildConfiguration;
			buildSettings = {
				ASSETCATALOG_COMPILER_APPICON_NAME = AppIcon;
				ASSETCATALOG_COMPILER_GLOBAL_ACCENT_COLOR_NAME = AccentColor;
				CODE_SIGN_STYLE = Automatic;
				CURRENT_PROJECT_VERSION = 1;
				DEVELOPMENT_ASSET_PATHS = "\"HockeyInfoDatabase/Preview Content\"";
				DEVELOPMENT_TEAM = C37927XKUL;
				ENABLE_PREVIEWS = YES;
				GENERATE_INFOPLIST_FILE = YES;
				INFOPLIST_KEY_UIApplicationSceneManifest_Generation = YES;
				INFOPLIST_KEY_UIApplicationSupportsIndirectInputEvents = YES;
				INFOPLIST_KEY_UILaunchScreen_Generation = YES;
				INFOPLIST_KEY_UISupportedInterfaceOrientations_iPad = "UIInterfaceOrientationPortrait UIInterfaceOrientationPortraitUpsideDown UIInterfaceOrientationLandscapeLeft UIInterfaceOrientationLandscapeRight";
				INFOPLIST_KEY_UISupportedInterfaceOrientations_iPhone = "UIInterfaceOrientationPortrait UIInterfaceOrientationLandscapeLeft UIInterfaceOrientationLandscapeRight";
				LD_RUNPATH_SEARCH_PATHS = (
					"$(inherited)",
					"@executable_path/Frameworks",
				);
				MARKETING_VERSION = 1.0;
				PRODUCT_BUNDLE_IDENTIFIER = com.larryburris.HockeyInfoDatabase;
				PRODUCT_NAME = "$(TARGET_NAME)";
				SWIFT_EMIT_LOC_STRINGS = YES;
				SWIFT_VERSION = 5.0;
				TARGETED_DEVICE_FAMILY = "1,2";
			};
			name = Release;
		};
/* End XCBuildConfiguration section */

/* Begin XCConfigurationList section */
		91B4522E27AF836300FF43A6 /* Build configuration list for PBXProject "HockeyInfoDatabase" */ = {
			isa = XCConfigurationList;
			buildConfigurations = (
				91B4523F27AF836600FF43A6 /* Debug */,
				91B4524027AF836600FF43A6 /* Release */,
			);
			defaultConfigurationIsVisible = 0;
			defaultConfigurationName = Release;
		};
		91B4524127AF836600FF43A6 /* Build configuration list for PBXNativeTarget "HockeyInfoDatabase" */ = {
			isa = XCConfigurationList;
			buildConfigurations = (
				91B4524227AF836600FF43A6 /* Debug */,
				91B4524327AF836600FF43A6 /* Release */,
			);
			defaultConfigurationIsVisible = 0;
			defaultConfigurationName = Release;
		};
/* End XCConfigurationList section */

/* Begin XCRemoteSwiftPackageReference section */
		91B4525D27AF868800FF43A6 /* XCRemoteSwiftPackageReference "realm-swift" */ = {
			isa = XCRemoteSwiftPackageReference;
			repositoryURL = "https://github.com/realm/realm-swift.git";
			requirement = {
				kind = upToNextMajorVersion;
				minimumVersion = 10.19.0;
			};
		};
/* End XCRemoteSwiftPackageReference section */

/* Begin XCSwiftPackageProductDependency section */
		91B4525E27AF868800FF43A6 /* Realm */ = {
			isa = XCSwiftPackageProductDependency;
			package = 91B4525D27AF868800FF43A6 /* XCRemoteSwiftPackageReference "realm-swift" */;
			productName = Realm;
		};
		91B4526027AF868800FF43A6 /* RealmSwift */ = {
			isa = XCSwiftPackageProductDependency;
			package = 91B4525D27AF868800FF43A6 /* XCRemoteSwiftPackageReference "realm-swift" */;
			productName = RealmSwift;
		};
/* End XCSwiftPackageProductDependency section */
	};
	rootObject = 91B4522B27AF836300FF43A6 /* Project object */;
}
