// !$*UTF8*$!
{
	archiveVersion = 1;
	classes = {
	};
	objectVersion = 55;
	objects = {

/* Begin PBXBuildFile section */
		9132CD5827F1596A00AC253A /* Realm in Frameworks */ = {isa = PBXBuildFile; productRef = 9132CD5727F1596A00AC253A /* Realm */; };
		9132CD5A27F1596A00AC253A /* RealmSwift in Frameworks */ = {isa = PBXBuildFile; productRef = 9132CD5927F1596A00AC253A /* RealmSwift */; };
		91B4523727AF836300FF43A6 /* HockeyInfoDatabaseApp.swift in Sources */ = {isa = PBXBuildFile; fileRef = 91B4523627AF836300FF43A6 /* HockeyInfoDatabaseApp.swift */; };
		91B4523B27AF836600FF43A6 /* Assets.xcassets in Resources */ = {isa = PBXBuildFile; fileRef = 91B4523A27AF836600FF43A6 /* Assets.xcassets */; };
		91B4523E27AF836600FF43A6 /* Preview Assets.xcassets in Resources */ = {isa = PBXBuildFile; fileRef = 91B4523D27AF836600FF43A6 /* Preview Assets.xcassets */; };
		91B4525127AF840000FF43A6 /* Constants.swift in Sources */ = {isa = PBXBuildFile; fileRef = 91B4525027AF840000FF43A6 /* Constants.swift */; };
		91B4525427AF841C00FF43A6 /* NeumorphicButtonStyle.swift in Sources */ = {isa = PBXBuildFile; fileRef = 91B4525327AF841C00FF43A6 /* NeumorphicButtonStyle.swift */; };
		91B4526527AF880100FF43A6 /* ScoresView.swift in Sources */ = {isa = PBXBuildFile; fileRef = 91B4526427AF880100FF43A6 /* ScoresView.swift */; };
		91B4526927AF88CA00FF43A6 /* PeriodEnum.swift in Sources */ = {isa = PBXBuildFile; fileRef = 91B4526827AF88CA00FF43A6 /* PeriodEnum.swift */; };
		91B4526B27AF88E600FF43A6 /* ScheduleView.swift in Sources */ = {isa = PBXBuildFile; fileRef = 91B4526A27AF88E600FF43A6 /* ScheduleView.swift */; };
		91B4526D27AF8F3800FF43A6 /* DivisionTeamView.swift in Sources */ = {isa = PBXBuildFile; fileRef = 91B4526C27AF8F3800FF43A6 /* DivisionTeamView.swift */; };
		91B4527127AF912B00FF43A6 /* Team.swift in Sources */ = {isa = PBXBuildFile; fileRef = 91B4527027AF912B00FF43A6 /* Team.swift */; };
		91B4527327AFA4E700FF43A6 /* TeamTabView.swift in Sources */ = {isa = PBXBuildFile; fileRef = 91B4527227AFA4E700FF43A6 /* TeamTabView.swift */; };
		91B4527527AFA79F00FF43A6 /* ConferenceTeamView.swift in Sources */ = {isa = PBXBuildFile; fileRef = 91B4527427AFA79F00FF43A6 /* ConferenceTeamView.swift */; };
		91B4527727AFA9F600FF43A6 /* LeagueTeamView.swift in Sources */ = {isa = PBXBuildFile; fileRef = 91B4527627AFA9F600FF43A6 /* LeagueTeamView.swift */; };
		91B4527927AFDB0F00FF43A6 /* TeamNavLinkView.swift in Sources */ = {isa = PBXBuildFile; fileRef = 91B4527827AFDB0F00FF43A6 /* TeamNavLinkView.swift */; };
		91B4527B27AFE06300FF43A6 /* AppIcon.appiconset in Resources */ = {isa = PBXBuildFile; fileRef = 91B4527A27AFE06300FF43A6 /* AppIcon.appiconset */; };
		91B4527D27AFE44C00FF43A6 /* GameBoxScore.swift in Sources */ = {isa = PBXBuildFile; fileRef = 91B4527C27AFE44C00FF43A6 /* GameBoxScore.swift */; };
		91B4527F27AFE7F300FF43A6 /* SeasonStandings.swift in Sources */ = {isa = PBXBuildFile; fileRef = 91B4527E27AFE7F300FF43A6 /* SeasonStandings.swift */; };
		91B4528127B0ABD200FF43A6 /* APIService.swift in Sources */ = {isa = PBXBuildFile; fileRef = 91B4528027B0ABD200FF43A6 /* APIService.swift */; };
		91B4528F27B0CEB100FF43A6 /* ContentView.swift in Sources */ = {isa = PBXBuildFile; fileRef = 91B4528E27B0CEB100FF43A6 /* ContentView.swift */; };
		91B4529127B0CEB800FF43A6 /* ScheduledGame.swift in Sources */ = {isa = PBXBuildFile; fileRef = 91B4529027B0CEB800FF43A6 /* ScheduledGame.swift */; };
		91B4529327B0CEBB00FF43A6 /* SeasonalGames.swift in Sources */ = {isa = PBXBuildFile; fileRef = 91B4529227B0CEBB00FF43A6 /* SeasonalGames.swift */; };
		91B4529727B0CECA00FF43A6 /* Venue.swift in Sources */ = {isa = PBXBuildFile; fileRef = 91B4529627B0CECA00FF43A6 /* Venue.swift */; };
		91B4529B27B0CEF300FF43A6 /* MainMenuCategory.swift in Sources */ = {isa = PBXBuildFile; fileRef = 91B4529A27B0CEF300FF43A6 /* MainMenuCategory.swift */; };
		91B4529F27B0CF0200FF43A6 /* NHLGameLog.swift in Sources */ = {isa = PBXBuildFile; fileRef = 91B4529E27B0CF0200FF43A6 /* NHLGameLog.swift */; };
		91B452A127B0CF0900FF43A6 /* NHLPeriodScoringData.swift in Sources */ = {isa = PBXBuildFile; fileRef = 91B452A027B0CF0900FF43A6 /* NHLPeriodScoringData.swift */; };
		91B452A327B0CF0F00FF43A6 /* NHLPlayer.swift in Sources */ = {isa = PBXBuildFile; fileRef = 91B452A227B0CF0F00FF43A6 /* NHLPlayer.swift */; };
		91B452A527B0CF1300FF43A6 /* NHLPlayerInjury.swift in Sources */ = {isa = PBXBuildFile; fileRef = 91B452A427B0CF1300FF43A6 /* NHLPlayerInjury.swift */; };
		91B452A727B0CF1800FF43A6 /* NHLScheduledGame.swift in Sources */ = {isa = PBXBuildFile; fileRef = 91B452A627B0CF1800FF43A6 /* NHLScheduledGame.swift */; };
		91B452A927B0CF1C00FF43A6 /* NHLScoringSummary.swift in Sources */ = {isa = PBXBuildFile; fileRef = 91B452A827B0CF1C00FF43A6 /* NHLScoringSummary.swift */; };
		91B452AB27B0CF2000FF43A6 /* NHLTeam.swift in Sources */ = {isa = PBXBuildFile; fileRef = 91B452AA27B0CF2000FF43A6 /* NHLTeam.swift */; };
		91B452AD27B0CF2500FF43A6 /* PlayerStatistics.swift in Sources */ = {isa = PBXBuildFile; fileRef = 91B452AC27B0CF2500FF43A6 /* PlayerStatistics.swift */; };
		91B452AF27B0CF2A00FF43A6 /* SeasonScheduleViewModel.swift in Sources */ = {isa = PBXBuildFile; fileRef = 91B452AE27B0CF2A00FF43A6 /* SeasonScheduleViewModel.swift */; };
		91B452B127B0CF3700FF43A6 /* TeamStandings.swift in Sources */ = {isa = PBXBuildFile; fileRef = 91B452B027B0CF3700FF43A6 /* TeamStandings.swift */; };
		91B452B327B0CF3C00FF43A6 /* TeamStatistics.swift in Sources */ = {isa = PBXBuildFile; fileRef = 91B452B227B0CF3C00FF43A6 /* TeamStatistics.swift */; };
		91B452B927B0CF4F00FF43A6 /* PositionEnum.swift in Sources */ = {isa = PBXBuildFile; fileRef = 91B452B427B0CF4E00FF43A6 /* PositionEnum.swift */; };
		91B452BA27B0CF4F00FF43A6 /* PlayedStatusEnum.swift in Sources */ = {isa = PBXBuildFile; fileRef = 91B452B527B0CF4E00FF43A6 /* PlayedStatusEnum.swift */; };
		91B452BD27B0CF4F00FF43A6 /* PlayingProbabilityEnum.swift in Sources */ = {isa = PBXBuildFile; fileRef = 91B452B827B0CF4E00FF43A6 /* PlayingProbabilityEnum.swift */; };
		91B452C527B0CF6A00FF43A6 /* ConversionUtils.swift in Sources */ = {isa = PBXBuildFile; fileRef = 91B452C327B0CF6A00FF43A6 /* ConversionUtils.swift */; };
		91B452D227B1037B00FF43A6 /* DataConversionHelper.swift in Sources */ = {isa = PBXBuildFile; fileRef = 91B452D127B1037B00FF43A6 /* DataConversionHelper.swift */; };
		91B452D527B16A3600FF43A6 /* DatabaseManager.swift in Sources */ = {isa = PBXBuildFile; fileRef = 91B452D427B16A3600FF43A6 /* DatabaseManager.swift */; };
		91B452D627B16A3600FF43A6 /* TeamManager.swift in Sources */ = {isa = PBXBuildFile; fileRef = 91B452D327B16A3600FF43A6 /* TeamManager.swift */; };
		91B452D927B16A7000FF43A6 /* DatabaseErrorEnum.swift in Sources */ = {isa = PBXBuildFile; fileRef = 91B452D827B16A7000FF43A6 /* DatabaseErrorEnum.swift */; };
		91B452DA27B16A7000FF43A6 /* NetworkErrorEnum.swift in Sources */ = {isa = PBXBuildFile; fileRef = 91B452D727B16A7000FF43A6 /* NetworkErrorEnum.swift */; };
		91B452DC27B16A7900FF43A6 /* Log.swift in Sources */ = {isa = PBXBuildFile; fileRef = 91B452DB27B16A7900FF43A6 /* Log.swift */; };
		91B452DF27B16A8900FF43A6 /* ConferenceEnum.swift in Sources */ = {isa = PBXBuildFile; fileRef = 91B452DD27B16A8900FF43A6 /* ConferenceEnum.swift */; };
		91B452E027B16A8900FF43A6 /* DivisionEnum.swift in Sources */ = {isa = PBXBuildFile; fileRef = 91B452DE27B16A8900FF43A6 /* DivisionEnum.swift */; };
		91B452E227B16A9400FF43A6 /* TimeAndDateUtils.swift in Sources */ = {isa = PBXBuildFile; fileRef = 91B452E127B16A9400FF43A6 /* TimeAndDateUtils.swift */; };
		91B452E627B16AB400FF43A6 /* Extensions.swift in Sources */ = {isa = PBXBuildFile; fileRef = 91B452E527B16AB400FF43A6 /* Extensions.swift */; };
		91B452FB27B1720600FF43A6 /* TeamViewModel.swift in Sources */ = {isa = PBXBuildFile; fileRef = 91B452FA27B1720600FF43A6 /* TeamViewModel.swift */; };
		91B452FF27B1A63300FF43A6 /* GameForDate.swift in Sources */ = {isa = PBXBuildFile; fileRef = 91B452FE27B1A63300FF43A6 /* GameForDate.swift */; };
		91B4530127B1B2AE00FF43A6 /* PlayerGameLogsForDate.swift in Sources */ = {isa = PBXBuildFile; fileRef = 91B4530027B1B2AE00FF43A6 /* PlayerGameLogsForDate.swift */; };
		91B4530327B1B60700FF43A6 /* DailyTeamGameLogs.swift in Sources */ = {isa = PBXBuildFile; fileRef = 91B4530227B1B60700FF43A6 /* DailyTeamGameLogs.swift */; };
		91B4530527B1B80E00FF43A6 /* PlayerInjuries.swift in Sources */ = {isa = PBXBuildFile; fileRef = 91B4530427B1B80E00FF43A6 /* PlayerInjuries.swift */; };
		91B4530727B1BAD500FF43A6 /* SeasonalTeamStats.swift in Sources */ = {isa = PBXBuildFile; fileRef = 91B4530627B1BAD500FF43A6 /* SeasonalTeamStats.swift */; };
		91B4530927B1BDA800FF43A6 /* SeasonalPlayerStats.swift in Sources */ = {isa = PBXBuildFile; fileRef = 91B4530827B1BDA800FF43A6 /* SeasonalPlayerStats.swift */; };
		91B4530B27B1C3CA00FF43A6 /* SeasonalPlayers.swift in Sources */ = {isa = PBXBuildFile; fileRef = 91B4530A27B1C3CA00FF43A6 /* SeasonalPlayers.swift */; };
/* End PBXBuildFile section */

/* Begin PBXFileReference section */
		91B4523327AF836300FF43A6 /* HockeyInfoDatabase.app */ = {isa = PBXFileReference; explicitFileType = wrapper.application; includeInIndex = 0; path = HockeyInfoDatabase.app; sourceTree = BUILT_PRODUCTS_DIR; };
		91B4523627AF836300FF43A6 /* HockeyInfoDatabaseApp.swift */ = {isa = PBXFileReference; lastKnownFileType = sourcecode.swift; path = HockeyInfoDatabaseApp.swift; sourceTree = "<group>"; };
		91B4523A27AF836600FF43A6 /* Assets.xcassets */ = {isa = PBXFileReference; lastKnownFileType = folder.assetcatalog; path = Assets.xcassets; sourceTree = "<group>"; };
		91B4523D27AF836600FF43A6 /* Preview Assets.xcassets */ = {isa = PBXFileReference; lastKnownFileType = folder.assetcatalog; path = "Preview Assets.xcassets"; sourceTree = "<group>"; };
		91B4525027AF840000FF43A6 /* Constants.swift */ = {isa = PBXFileReference; fileEncoding = 4; lastKnownFileType = sourcecode.swift; path = Constants.swift; sourceTree = "<group>"; };
		91B4525327AF841C00FF43A6 /* NeumorphicButtonStyle.swift */ = {isa = PBXFileReference; fileEncoding = 4; lastKnownFileType = sourcecode.swift; path = NeumorphicButtonStyle.swift; sourceTree = "<group>"; };
		91B4526427AF880100FF43A6 /* ScoresView.swift */ = {isa = PBXFileReference; lastKnownFileType = sourcecode.swift; path = ScoresView.swift; sourceTree = "<group>"; };
		91B4526827AF88CA00FF43A6 /* PeriodEnum.swift */ = {isa = PBXFileReference; lastKnownFileType = sourcecode.swift; path = PeriodEnum.swift; sourceTree = "<group>"; };
		91B4526A27AF88E600FF43A6 /* ScheduleView.swift */ = {isa = PBXFileReference; lastKnownFileType = sourcecode.swift; path = ScheduleView.swift; sourceTree = "<group>"; };
		91B4526C27AF8F3800FF43A6 /* DivisionTeamView.swift */ = {isa = PBXFileReference; lastKnownFileType = sourcecode.swift; path = DivisionTeamView.swift; sourceTree = "<group>"; };
		91B4527027AF912B00FF43A6 /* Team.swift */ = {isa = PBXFileReference; lastKnownFileType = sourcecode.swift; path = Team.swift; sourceTree = "<group>"; };
		91B4527227AFA4E700FF43A6 /* TeamTabView.swift */ = {isa = PBXFileReference; lastKnownFileType = sourcecode.swift; path = TeamTabView.swift; sourceTree = "<group>"; };
		91B4527427AFA79F00FF43A6 /* ConferenceTeamView.swift */ = {isa = PBXFileReference; lastKnownFileType = sourcecode.swift; path = ConferenceTeamView.swift; sourceTree = "<group>"; };
		91B4527627AFA9F600FF43A6 /* LeagueTeamView.swift */ = {isa = PBXFileReference; lastKnownFileType = sourcecode.swift; path = LeagueTeamView.swift; sourceTree = "<group>"; };
		91B4527827AFDB0F00FF43A6 /* TeamNavLinkView.swift */ = {isa = PBXFileReference; lastKnownFileType = sourcecode.swift; path = TeamNavLinkView.swift; sourceTree = "<group>"; };
		91B4527A27AFE06300FF43A6 /* AppIcon.appiconset */ = {isa = PBXFileReference; lastKnownFileType = folder; path = AppIcon.appiconset; sourceTree = "<group>"; };
		91B4527C27AFE44C00FF43A6 /* GameBoxScore.swift */ = {isa = PBXFileReference; lastKnownFileType = sourcecode.swift; path = GameBoxScore.swift; sourceTree = "<group>"; };
		91B4527E27AFE7F300FF43A6 /* SeasonStandings.swift */ = {isa = PBXFileReference; lastKnownFileType = sourcecode.swift; path = SeasonStandings.swift; sourceTree = "<group>"; };
		91B4528027B0ABD200FF43A6 /* APIService.swift */ = {isa = PBXFileReference; lastKnownFileType = sourcecode.swift; path = APIService.swift; sourceTree = "<group>"; };
		91B4528E27B0CEB100FF43A6 /* ContentView.swift */ = {isa = PBXFileReference; lastKnownFileType = sourcecode.swift; path = ContentView.swift; sourceTree = "<group>"; };
		91B4529027B0CEB800FF43A6 /* ScheduledGame.swift */ = {isa = PBXFileReference; lastKnownFileType = sourcecode.swift; path = ScheduledGame.swift; sourceTree = "<group>"; };
		91B4529227B0CEBB00FF43A6 /* SeasonalGames.swift */ = {isa = PBXFileReference; lastKnownFileType = sourcecode.swift; path = SeasonalGames.swift; sourceTree = "<group>"; };
		91B4529627B0CECA00FF43A6 /* Venue.swift */ = {isa = PBXFileReference; lastKnownFileType = sourcecode.swift; path = Venue.swift; sourceTree = "<group>"; };
		91B4529A27B0CEF300FF43A6 /* MainMenuCategory.swift */ = {isa = PBXFileReference; lastKnownFileType = sourcecode.swift; path = MainMenuCategory.swift; sourceTree = "<group>"; };
		91B4529E27B0CF0200FF43A6 /* NHLGameLog.swift */ = {isa = PBXFileReference; lastKnownFileType = sourcecode.swift; path = NHLGameLog.swift; sourceTree = "<group>"; };
		91B452A027B0CF0900FF43A6 /* NHLPeriodScoringData.swift */ = {isa = PBXFileReference; lastKnownFileType = sourcecode.swift; path = NHLPeriodScoringData.swift; sourceTree = "<group>"; };
		91B452A227B0CF0F00FF43A6 /* NHLPlayer.swift */ = {isa = PBXFileReference; lastKnownFileType = sourcecode.swift; path = NHLPlayer.swift; sourceTree = "<group>"; };
		91B452A427B0CF1300FF43A6 /* NHLPlayerInjury.swift */ = {isa = PBXFileReference; lastKnownFileType = sourcecode.swift; path = NHLPlayerInjury.swift; sourceTree = "<group>"; };
		91B452A627B0CF1800FF43A6 /* NHLScheduledGame.swift */ = {isa = PBXFileReference; lastKnownFileType = sourcecode.swift; path = NHLScheduledGame.swift; sourceTree = "<group>"; };
		91B452A827B0CF1C00FF43A6 /* NHLScoringSummary.swift */ = {isa = PBXFileReference; lastKnownFileType = sourcecode.swift; path = NHLScoringSummary.swift; sourceTree = "<group>"; };
		91B452AA27B0CF2000FF43A6 /* NHLTeam.swift */ = {isa = PBXFileReference; lastKnownFileType = sourcecode.swift; path = NHLTeam.swift; sourceTree = "<group>"; };
		91B452AC27B0CF2500FF43A6 /* PlayerStatistics.swift */ = {isa = PBXFileReference; lastKnownFileType = sourcecode.swift; path = PlayerStatistics.swift; sourceTree = "<group>"; };
		91B452AE27B0CF2A00FF43A6 /* SeasonScheduleViewModel.swift */ = {isa = PBXFileReference; lastKnownFileType = sourcecode.swift; path = SeasonScheduleViewModel.swift; sourceTree = "<group>"; };
		91B452B027B0CF3700FF43A6 /* TeamStandings.swift */ = {isa = PBXFileReference; lastKnownFileType = sourcecode.swift; path = TeamStandings.swift; sourceTree = "<group>"; };
		91B452B227B0CF3C00FF43A6 /* TeamStatistics.swift */ = {isa = PBXFileReference; lastKnownFileType = sourcecode.swift; path = TeamStatistics.swift; sourceTree = "<group>"; };
		91B452B427B0CF4E00FF43A6 /* PositionEnum.swift */ = {isa = PBXFileReference; lastKnownFileType = sourcecode.swift; path = PositionEnum.swift; sourceTree = "<group>"; };
		91B452B527B0CF4E00FF43A6 /* PlayedStatusEnum.swift */ = {isa = PBXFileReference; lastKnownFileType = sourcecode.swift; path = PlayedStatusEnum.swift; sourceTree = "<group>"; };
		91B452B827B0CF4E00FF43A6 /* PlayingProbabilityEnum.swift */ = {isa = PBXFileReference; lastKnownFileType = sourcecode.swift; path = PlayingProbabilityEnum.swift; sourceTree = "<group>"; };
		91B452C327B0CF6A00FF43A6 /* ConversionUtils.swift */ = {isa = PBXFileReference; lastKnownFileType = sourcecode.swift; path = ConversionUtils.swift; sourceTree = "<group>"; };
		91B452D127B1037B00FF43A6 /* DataConversionHelper.swift */ = {isa = PBXFileReference; lastKnownFileType = sourcecode.swift; path = DataConversionHelper.swift; sourceTree = "<group>"; };
		91B452D327B16A3600FF43A6 /* TeamManager.swift */ = {isa = PBXFileReference; lastKnownFileType = sourcecode.swift; path = TeamManager.swift; sourceTree = "<group>"; };
		91B452D427B16A3600FF43A6 /* DatabaseManager.swift */ = {isa = PBXFileReference; lastKnownFileType = sourcecode.swift; path = DatabaseManager.swift; sourceTree = "<group>"; };
		91B452D727B16A7000FF43A6 /* NetworkErrorEnum.swift */ = {isa = PBXFileReference; lastKnownFileType = sourcecode.swift; path = NetworkErrorEnum.swift; sourceTree = "<group>"; };
		91B452D827B16A7000FF43A6 /* DatabaseErrorEnum.swift */ = {isa = PBXFileReference; lastKnownFileType = sourcecode.swift; path = DatabaseErrorEnum.swift; sourceTree = "<group>"; };
		91B452DB27B16A7900FF43A6 /* Log.swift */ = {isa = PBXFileReference; lastKnownFileType = sourcecode.swift; path = Log.swift; sourceTree = "<group>"; };
		91B452DD27B16A8900FF43A6 /* ConferenceEnum.swift */ = {isa = PBXFileReference; lastKnownFileType = sourcecode.swift; path = ConferenceEnum.swift; sourceTree = "<group>"; };
		91B452DE27B16A8900FF43A6 /* DivisionEnum.swift */ = {isa = PBXFileReference; lastKnownFileType = sourcecode.swift; path = DivisionEnum.swift; sourceTree = "<group>"; };
		91B452E127B16A9400FF43A6 /* TimeAndDateUtils.swift */ = {isa = PBXFileReference; lastKnownFileType = sourcecode.swift; path = TimeAndDateUtils.swift; sourceTree = "<group>"; };
		91B452E527B16AB400FF43A6 /* Extensions.swift */ = {isa = PBXFileReference; lastKnownFileType = sourcecode.swift; path = Extensions.swift; sourceTree = "<group>"; };
		91B452FA27B1720600FF43A6 /* TeamViewModel.swift */ = {isa = PBXFileReference; lastKnownFileType = sourcecode.swift; name = TeamViewModel.swift; path = ../../../HockeyDatabase/HockeyDatabase/ViewModels/TeamViewModel.swift; sourceTree = "<group>"; };
		91B452FE27B1A63300FF43A6 /* GameForDate.swift */ = {isa = PBXFileReference; lastKnownFileType = sourcecode.swift; path = GameForDate.swift; sourceTree = "<group>"; };
		91B4530027B1B2AE00FF43A6 /* PlayerGameLogsForDate.swift */ = {isa = PBXFileReference; lastKnownFileType = sourcecode.swift; path = PlayerGameLogsForDate.swift; sourceTree = "<group>"; };
		91B4530227B1B60700FF43A6 /* DailyTeamGameLogs.swift */ = {isa = PBXFileReference; lastKnownFileType = sourcecode.swift; path = DailyTeamGameLogs.swift; sourceTree = "<group>"; };
		91B4530427B1B80E00FF43A6 /* PlayerInjuries.swift */ = {isa = PBXFileReference; lastKnownFileType = sourcecode.swift; path = PlayerInjuries.swift; sourceTree = "<group>"; };
		91B4530627B1BAD500FF43A6 /* SeasonalTeamStats.swift */ = {isa = PBXFileReference; lastKnownFileType = sourcecode.swift; path = SeasonalTeamStats.swift; sourceTree = "<group>"; };
		91B4530827B1BDA800FF43A6 /* SeasonalPlayerStats.swift */ = {isa = PBXFileReference; lastKnownFileType = sourcecode.swift; path = SeasonalPlayerStats.swift; sourceTree = "<group>"; };
		91B4530A27B1C3CA00FF43A6 /* SeasonalPlayers.swift */ = {isa = PBXFileReference; lastKnownFileType = sourcecode.swift; path = SeasonalPlayers.swift; sourceTree = "<group>"; };
/* End PBXFileReference section */

/* Begin PBXFrameworksBuildPhase section */
		91B4523027AF836300FF43A6 /* Frameworks */ = {
			isa = PBXFrameworksBuildPhase;
			buildActionMask = 2147483647;
			files = (
				9132CD5A27F1596A00AC253A /* RealmSwift in Frameworks */,
				9132CD5827F1596A00AC253A /* Realm in Frameworks */,
			);
			runOnlyForDeploymentPostprocessing = 0;
		};
/* End PBXFrameworksBuildPhase section */

/* Begin PBXGroup section */
		91B4522A27AF836300FF43A6 = {
			isa = PBXGroup;
			children = (
				91B4523527AF836300FF43A6 /* HockeyInfoDatabase */,
				91B4523427AF836300FF43A6 /* Products */,
			);
			sourceTree = "<group>";
		};
		91B4523427AF836300FF43A6 /* Products */ = {
			isa = PBXGroup;
			children = (
				91B4523327AF836300FF43A6 /* HockeyInfoDatabase.app */,
			);
			name = Products;
			sourceTree = "<group>";
		};
		91B4523527AF836300FF43A6 /* HockeyInfoDatabase */ = {
			isa = PBXGroup;
			children = (
				91B4523627AF836300FF43A6 /* HockeyInfoDatabaseApp.swift */,
				91B4525027AF840000FF43A6 /* Constants.swift */,
				91B452ED27B16DF900FF43A6 /* Services */,
				91B452EE27B16E4000FF43A6 /* Views */,
				91B452EB27B16CFD00FF43A6 /* Helpers */,
				91B452EF27B16EFF00FF43A6 /* Enums */,
				91B452EC27B16D0D00FF43A6 /* ButtonStyles */,
				91B452F027B16FE100FF43A6 /* Managers */,
				91B452F127B1700D00FF43A6 /* Logs */,
				91B452F227B1702B00FF43A6 /* Extensions */,
				91B452F327B1707D00FF43A6 /* Models */,
				91B452F427B1712A00FF43A6 /* DatabaseModels */,
				91B452F527B1718E00FF43A6 /* ErrorEnums */,
				91B452F627B171C400FF43A6 /* ViewModels */,
				91B452FD27B1727200FF43A6 /* PresentationModels */,
				91B452FC27B1723B00FF43A6 /* Utils */,
				91B4523A27AF836600FF43A6 /* Assets.xcassets */,
				91B4527A27AFE06300FF43A6 /* AppIcon.appiconset */,
				91B4523C27AF836600FF43A6 /* Preview Content */,
			);
			path = HockeyInfoDatabase;
			sourceTree = "<group>";
		};
		91B4523C27AF836600FF43A6 /* Preview Content */ = {
			isa = PBXGroup;
			children = (
				91B4523D27AF836600FF43A6 /* Preview Assets.xcassets */,
			);
			path = "Preview Content";
			sourceTree = "<group>";
		};
		91B452EB27B16CFD00FF43A6 /* Helpers */ = {
			isa = PBXGroup;
			children = (
				91B452D127B1037B00FF43A6 /* DataConversionHelper.swift */,
			);
			path = Helpers;
			sourceTree = "<group>";
		};
		91B452EC27B16D0D00FF43A6 /* ButtonStyles */ = {
			isa = PBXGroup;
			children = (
				91B4525327AF841C00FF43A6 /* NeumorphicButtonStyle.swift */,
			);
			path = ButtonStyles;
			sourceTree = "<group>";
		};
		91B452ED27B16DF900FF43A6 /* Services */ = {
			isa = PBXGroup;
			children = (
				91B4528027B0ABD200FF43A6 /* APIService.swift */,
			);
			path = Services;
			sourceTree = "<group>";
		};
		91B452EE27B16E4000FF43A6 /* Views */ = {
			isa = PBXGroup;
			children = (
				91B4526427AF880100FF43A6 /* ScoresView.swift */,
				91B4526C27AF8F3800FF43A6 /* DivisionTeamView.swift */,
				91B4527827AFDB0F00FF43A6 /* TeamNavLinkView.swift */,
				91B4527427AFA79F00FF43A6 /* ConferenceTeamView.swift */,
				91B4527627AFA9F600FF43A6 /* LeagueTeamView.swift */,
				91B4528E27B0CEB100FF43A6 /* ContentView.swift */,
				91B4527227AFA4E700FF43A6 /* TeamTabView.swift */,
				91B4526A27AF88E600FF43A6 /* ScheduleView.swift */,
			);
			path = Views;
			sourceTree = "<group>";
		};
		91B452EF27B16EFF00FF43A6 /* Enums */ = {
			isa = PBXGroup;
			children = (
				91B4526827AF88CA00FF43A6 /* PeriodEnum.swift */,
				91B452B527B0CF4E00FF43A6 /* PlayedStatusEnum.swift */,
				91B452DD27B16A8900FF43A6 /* ConferenceEnum.swift */,
				91B452B827B0CF4E00FF43A6 /* PlayingProbabilityEnum.swift */,
				91B452DE27B16A8900FF43A6 /* DivisionEnum.swift */,
				91B452B427B0CF4E00FF43A6 /* PositionEnum.swift */,
			);
			path = Enums;
			sourceTree = "<group>";
		};
		91B452F027B16FE100FF43A6 /* Managers */ = {
			isa = PBXGroup;
			children = (
				91B452D427B16A3600FF43A6 /* DatabaseManager.swift */,
				91B452D327B16A3600FF43A6 /* TeamManager.swift */,
			);
			path = Managers;
			sourceTree = "<group>";
		};
		91B452F127B1700D00FF43A6 /* Logs */ = {
			isa = PBXGroup;
			children = (
				91B452DB27B16A7900FF43A6 /* Log.swift */,
			);
			path = Logs;
			sourceTree = "<group>";
		};
		91B452F227B1702B00FF43A6 /* Extensions */ = {
			isa = PBXGroup;
			children = (
				91B452E527B16AB400FF43A6 /* Extensions.swift */,
			);
			path = Extensions;
			sourceTree = "<group>";
		};
		91B452F327B1707D00FF43A6 /* Models */ = {
			isa = PBXGroup;
			children = (
				91B4527E27AFE7F300FF43A6 /* SeasonStandings.swift */,
				91B4530827B1BDA800FF43A6 /* SeasonalPlayerStats.swift */,
				91B4530627B1BAD500FF43A6 /* SeasonalTeamStats.swift */,
				91B4530427B1B80E00FF43A6 /* PlayerInjuries.swift */,
				91B4530227B1B60700FF43A6 /* DailyTeamGameLogs.swift */,
				91B4530027B1B2AE00FF43A6 /* PlayerGameLogsForDate.swift */,
				91B452FE27B1A63300FF43A6 /* GameForDate.swift */,
				91B4529227B0CEBB00FF43A6 /* SeasonalGames.swift */,
				91B4530A27B1C3CA00FF43A6 /* SeasonalPlayers.swift */,
				91B4527C27AFE44C00FF43A6 /* GameBoxScore.swift */,
			);
			path = Models;
			sourceTree = "<group>";
		};
		91B452F427B1712A00FF43A6 /* DatabaseModels */ = {
			isa = PBXGroup;
			children = (
				91B4529A27B0CEF300FF43A6 /* MainMenuCategory.swift */,
				91B4529E27B0CF0200FF43A6 /* NHLGameLog.swift */,
				91B452A027B0CF0900FF43A6 /* NHLPeriodScoringData.swift */,
				91B452A227B0CF0F00FF43A6 /* NHLPlayer.swift */,
				91B452A427B0CF1300FF43A6 /* NHLPlayerInjury.swift */,
				91B452A627B0CF1800FF43A6 /* NHLScheduledGame.swift */,
				91B452A827B0CF1C00FF43A6 /* NHLScoringSummary.swift */,
				91B452AA27B0CF2000FF43A6 /* NHLTeam.swift */,
				91B452AC27B0CF2500FF43A6 /* PlayerStatistics.swift */,
				91B452B027B0CF3700FF43A6 /* TeamStandings.swift */,
				91B452B227B0CF3C00FF43A6 /* TeamStatistics.swift */,
			);
			path = DatabaseModels;
			sourceTree = "<group>";
		};
		91B452F527B1718E00FF43A6 /* ErrorEnums */ = {
			isa = PBXGroup;
			children = (
				91B452D827B16A7000FF43A6 /* DatabaseErrorEnum.swift */,
				91B452D727B16A7000FF43A6 /* NetworkErrorEnum.swift */,
			);
			path = ErrorEnums;
			sourceTree = "<group>";
		};
		91B452F627B171C400FF43A6 /* ViewModels */ = {
			isa = PBXGroup;
			children = (
				91B452FA27B1720600FF43A6 /* TeamViewModel.swift */,
				91B452AE27B0CF2A00FF43A6 /* SeasonScheduleViewModel.swift */,
			);
			path = ViewModels;
			sourceTree = "<group>";
		};
		91B452FC27B1723B00FF43A6 /* Utils */ = {
			isa = PBXGroup;
			children = (
				91B452E127B16A9400FF43A6 /* TimeAndDateUtils.swift */,
				91B452C327B0CF6A00FF43A6 /* ConversionUtils.swift */,
			);
			path = Utils;
			sourceTree = "<group>";
		};
		91B452FD27B1727200FF43A6 /* PresentationModels */ = {
			isa = PBXGroup;
			children = (
				91B4529027B0CEB800FF43A6 /* ScheduledGame.swift */,
				91B4527027AF912B00FF43A6 /* Team.swift */,
				91B4529627B0CECA00FF43A6 /* Venue.swift */,
			);
			path = PresentationModels;
			sourceTree = "<group>";
		};
/* End PBXGroup section */

/* Begin PBXNativeTarget section */
		91B4523227AF836300FF43A6 /* HockeyInfoDatabase */ = {
			isa = PBXNativeTarget;
			buildConfigurationList = 91B4524127AF836600FF43A6 /* Build configuration list for PBXNativeTarget "HockeyInfoDatabase" */;
			buildPhases = (
				91B4522F27AF836300FF43A6 /* Sources */,
				91B4523027AF836300FF43A6 /* Frameworks */,
				91B4523127AF836300FF43A6 /* Resources */,
			);
			buildRules = (
			);
			dependencies = (
			);
			name = HockeyInfoDatabase;
			packageProductDependencies = (
				9132CD5727F1596A00AC253A /* Realm */,
				9132CD5927F1596A00AC253A /* RealmSwift */,
			);
			productName = HockeyInfoDatabase;
			productReference = 91B4523327AF836300FF43A6 /* HockeyInfoDatabase.app */;
			productType = "com.apple.product-type.application";
		};
/* End PBXNativeTarget section */

/* Begin PBXProject section */
		91B4522B27AF836300FF43A6 /* Project object */ = {
			isa = PBXProject;
			attributes = {
				BuildIndependentTargetsInParallel = 1;
				LastSwiftUpdateCheck = 1320;
				LastUpgradeCheck = 1320;
				TargetAttributes = {
					91B4523227AF836300FF43A6 = {
						CreatedOnToolsVersion = 13.2.1;
					};
				};
			};
			buildConfigurationList = 91B4522E27AF836300FF43A6 /* Build configuration list for PBXProject "HockeyInfoDatabase" */;
			compatibilityVersion = "Xcode 13.0";
			developmentRegion = en;
			hasScannedForEncodings = 0;
			knownRegions = (
				en,
				Base,
			);
			mainGroup = 91B4522A27AF836300FF43A6;
			packageReferences = (
				9132CD5627F1596A00AC253A /* XCRemoteSwiftPackageReference "realm-swift" */,
			);
			productRefGroup = 91B4523427AF836300FF43A6 /* Products */;
			projectDirPath = "";
			projectRoot = "";
			targets = (
				91B4523227AF836300FF43A6 /* HockeyInfoDatabase */,
			);
		};
/* End PBXProject section */

/* Begin PBXResourcesBuildPhase section */
		91B4523127AF836300FF43A6 /* Resources */ = {
			isa = PBXResourcesBuildPhase;
			buildActionMask = 2147483647;
			files = (
				91B4523E27AF836600FF43A6 /* Preview Assets.xcassets in Resources */,
				91B4523B27AF836600FF43A6 /* Assets.xcassets in Resources */,
				91B4527B27AFE06300FF43A6 /* AppIcon.appiconset in Resources */,
			);
			runOnlyForDeploymentPostprocessing = 0;
		};
/* End PBXResourcesBuildPhase section */

/* Begin PBXSourcesBuildPhase section */
		91B4522F27AF836300FF43A6 /* Sources */ = {
			isa = PBXSourcesBuildPhase;
			buildActionMask = 2147483647;
			files = (
				91B4529127B0CEB800FF43A6 /* ScheduledGame.swift in Sources */,
				91B452E027B16A8900FF43A6 /* DivisionEnum.swift in Sources */,
				91B4529727B0CECA00FF43A6 /* Venue.swift in Sources */,
				91B452DC27B16A7900FF43A6 /* Log.swift in Sources */,
				91B4527127AF912B00FF43A6 /* Team.swift in Sources */,
				91B4526927AF88CA00FF43A6 /* PeriodEnum.swift in Sources */,
				91B4530B27B1C3CA00FF43A6 /* SeasonalPlayers.swift in Sources */,
				91B452D927B16A7000FF43A6 /* DatabaseErrorEnum.swift in Sources */,
				91B4530727B1BAD500FF43A6 /* SeasonalTeamStats.swift in Sources */,
				91B452A527B0CF1300FF43A6 /* NHLPlayerInjury.swift in Sources */,
				91B452D627B16A3600FF43A6 /* TeamManager.swift in Sources */,
				91B452BA27B0CF4F00FF43A6 /* PlayedStatusEnum.swift in Sources */,
				91B4530127B1B2AE00FF43A6 /* PlayerGameLogsForDate.swift in Sources */,
				91B4527F27AFE7F300FF43A6 /* SeasonStandings.swift in Sources */,
				91B4529B27B0CEF300FF43A6 /* MainMenuCategory.swift in Sources */,
				91B4527927AFDB0F00FF43A6 /* TeamNavLinkView.swift in Sources */,
				91B452A327B0CF0F00FF43A6 /* NHLPlayer.swift in Sources */,
				91B4528F27B0CEB100FF43A6 /* ContentView.swift in Sources */,
				91B4525427AF841C00FF43A6 /* NeumorphicButtonStyle.swift in Sources */,
				91B4530527B1B80E00FF43A6 /* PlayerInjuries.swift in Sources */,
				91B4528127B0ABD200FF43A6 /* APIService.swift in Sources */,
				91B4527727AFA9F600FF43A6 /* LeagueTeamView.swift in Sources */,
				91B452FB27B1720600FF43A6 /* TeamViewModel.swift in Sources */,
				91B4530927B1BDA800FF43A6 /* SeasonalPlayerStats.swift in Sources */,
				91B452B127B0CF3700FF43A6 /* TeamStandings.swift in Sources */,
				91B4527527AFA79F00FF43A6 /* ConferenceTeamView.swift in Sources */,
				91B4526527AF880100FF43A6 /* ScoresView.swift in Sources */,
				91B452BD27B0CF4F00FF43A6 /* PlayingProbabilityEnum.swift in Sources */,
				91B4527D27AFE44C00FF43A6 /* GameBoxScore.swift in Sources */,
				91B452E227B16A9400FF43A6 /* TimeAndDateUtils.swift in Sources */,
				91B4529F27B0CF0200FF43A6 /* NHLGameLog.swift in Sources */,
				91B452AB27B0CF2000FF43A6 /* NHLTeam.swift in Sources */,
				91B4527327AFA4E700FF43A6 /* TeamTabView.swift in Sources */,
				91B452AF27B0CF2A00FF43A6 /* SeasonScheduleViewModel.swift in Sources */,
				91B452A727B0CF1800FF43A6 /* NHLScheduledGame.swift in Sources */,
				91B452FF27B1A63300FF43A6 /* GameForDate.swift in Sources */,
				91B452A927B0CF1C00FF43A6 /* NHLScoringSummary.swift in Sources */,
				91B452AD27B0CF2500FF43A6 /* PlayerStatistics.swift in Sources */,
				91B4529327B0CEBB00FF43A6 /* SeasonalGames.swift in Sources */,
				91B452D227B1037B00FF43A6 /* DataConversionHelper.swift in Sources */,
				91B4523727AF836300FF43A6 /* HockeyInfoDatabaseApp.swift in Sources */,
				91B452D527B16A3600FF43A6 /* DatabaseManager.swift in Sources */,
				91B4525127AF840000FF43A6 /* Constants.swift in Sources */,
				91B452B927B0CF4F00FF43A6 /* PositionEnum.swift in Sources */,
				91B452DF27B16A8900FF43A6 /* ConferenceEnum.swift in Sources */,
				91B4530327B1B60700FF43A6 /* DailyTeamGameLogs.swift in Sources */,
				91B452DA27B16A7000FF43A6 /* NetworkErrorEnum.swift in Sources */,
				91B452C527B0CF6A00FF43A6 /* ConversionUtils.swift in Sources */,
				91B452A127B0CF0900FF43A6 /* NHLPeriodScoringData.swift in Sources */,
				91B4526D27AF8F3800FF43A6 /* DivisionTeamView.swift in Sources */,
				91B452B327B0CF3C00FF43A6 /* TeamStatistics.swift in Sources */,
				91B4526B27AF88E600FF43A6 /* ScheduleView.swift in Sources */,
				91B452E627B16AB400FF43A6 /* Extensions.swift in Sources */,
			);
			runOnlyForDeploymentPostprocessing = 0;
		};
/* End PBXSourcesBuildPhase section */

/* Begin XCBuildConfiguration section */
		91B4523F27AF836600FF43A6 /* Debug */ = {
			isa = XCBuildConfiguration;
			buildSettings = {
				ALWAYS_SEARCH_USER_PATHS = NO;
				CLANG_ANALYZER_NONNULL = YES;
				CLANG_ANALYZER_NUMBER_OBJECT_CONVERSION = YES_AGGRESSIVE;
				CLANG_CXX_LANGUAGE_STANDARD = "gnu++17";
				CLANG_CXX_LIBRARY = "libc++";
				CLANG_ENABLE_MODULES = YES;
				CLANG_ENABLE_OBJC_ARC = YES;
				CLANG_ENABLE_OBJC_WEAK = YES;
				CLANG_WARN_BLOCK_CAPTURE_AUTORELEASING = YES;
				CLANG_WARN_BOOL_CONVERSION = YES;
				CLANG_WARN_COMMA = YES;
				CLANG_WARN_CONSTANT_CONVERSION = YES;
				CLANG_WARN_DEPRECATED_OBJC_IMPLEMENTATIONS = YES;
				CLANG_WARN_DIRECT_OBJC_ISA_USAGE = YES_ERROR;
				CLANG_WARN_DOCUMENTATION_COMMENTS = YES;
				CLANG_WARN_EMPTY_BODY = YES;
				CLANG_WARN_ENUM_CONVERSION = YES;
				CLANG_WARN_INFINITE_RECURSION = YES;
				CLANG_WARN_INT_CONVERSION = YES;
				CLANG_WARN_NON_LITERAL_NULL_CONVERSION = YES;
				CLANG_WARN_OBJC_IMPLICIT_RETAIN_SELF = YES;
				CLANG_WARN_OBJC_LITERAL_CONVERSION = YES;
				CLANG_WARN_OBJC_ROOT_CLASS = YES_ERROR;
				CLANG_WARN_QUOTED_INCLUDE_IN_FRAMEWORK_HEADER = YES;
				CLANG_WARN_RANGE_LOOP_ANALYSIS = YES;
				CLANG_WARN_STRICT_PROTOTYPES = YES;
				CLANG_WARN_SUSPICIOUS_MOVE = YES;
				CLANG_WARN_UNGUARDED_AVAILABILITY = YES_AGGRESSIVE;
				CLANG_WARN_UNREACHABLE_CODE = YES;
				CLANG_WARN__DUPLICATE_METHOD_MATCH = YES;
				COPY_PHASE_STRIP = NO;
				DEBUG_INFORMATION_FORMAT = dwarf;
				ENABLE_STRICT_OBJC_MSGSEND = YES;
				ENABLE_TESTABILITY = YES;
				GCC_C_LANGUAGE_STANDARD = gnu11;
				GCC_DYNAMIC_NO_PIC = NO;
				GCC_NO_COMMON_BLOCKS = YES;
				GCC_OPTIMIZATION_LEVEL = 0;
				GCC_PREPROCESSOR_DEFINITIONS = (
					"DEBUG=1",
					"$(inherited)",
				);
				GCC_WARN_64_TO_32_BIT_CONVERSION = YES;
				GCC_WARN_ABOUT_RETURN_TYPE = YES_ERROR;
				GCC_WARN_UNDECLARED_SELECTOR = YES;
				GCC_WARN_UNINITIALIZED_AUTOS = YES_AGGRESSIVE;
				GCC_WARN_UNUSED_FUNCTION = YES;
				GCC_WARN_UNUSED_VARIABLE = YES;
				IPHONEOS_DEPLOYMENT_TARGET = 15.2;
				MTL_ENABLE_DEBUG_INFO = INCLUDE_SOURCE;
				MTL_FAST_MATH = YES;
				ONLY_ACTIVE_ARCH = YES;
				SDKROOT = iphoneos;
				SWIFT_ACTIVE_COMPILATION_CONDITIONS = DEBUG;
				SWIFT_OPTIMIZATION_LEVEL = "-Onone";
			};
			name = Debug;
		};
		91B4524027AF836600FF43A6 /* Release */ = {
			isa = XCBuildConfiguration;
			buildSettings = {
				ALWAYS_SEARCH_USER_PATHS = NO;
				CLANG_ANALYZER_NONNULL = YES;
				CLANG_ANALYZER_NUMBER_OBJECT_CONVERSION = YES_AGGRESSIVE;
				CLANG_CXX_LANGUAGE_STANDARD = "gnu++17";
				CLANG_CXX_LIBRARY = "libc++";
				CLANG_ENABLE_MODULES = YES;
				CLANG_ENABLE_OBJC_ARC = YES;
				CLANG_ENABLE_OBJC_WEAK = YES;
				CLANG_WARN_BLOCK_CAPTURE_AUTORELEASING = YES;
				CLANG_WARN_BOOL_CONVERSION = YES;
				CLANG_WARN_COMMA = YES;
				CLANG_WARN_CONSTANT_CONVERSION = YES;
				CLANG_WARN_DEPRECATED_OBJC_IMPLEMENTATIONS = YES;
				CLANG_WARN_DIRECT_OBJC_ISA_USAGE = YES_ERROR;
				CLANG_WARN_DOCUMENTATION_COMMENTS = YES;
				CLANG_WARN_EMPTY_BODY = YES;
				CLANG_WARN_ENUM_CONVERSION = YES;
				CLANG_WARN_INFINITE_RECURSION = YES;
				CLANG_WARN_INT_CONVERSION = YES;
				CLANG_WARN_NON_LITERAL_NULL_CONVERSION = YES;
				CLANG_WARN_OBJC_IMPLICIT_RETAIN_SELF = YES;
				CLANG_WARN_OBJC_LITERAL_CONVERSION = YES;
				CLANG_WARN_OBJC_ROOT_CLASS = YES_ERROR;
				CLANG_WARN_QUOTED_INCLUDE_IN_FRAMEWORK_HEADER = YES;
				CLANG_WARN_RANGE_LOOP_ANALYSIS = YES;
				CLANG_WARN_STRICT_PROTOTYPES = YES;
				CLANG_WARN_SUSPICIOUS_MOVE = YES;
				CLANG_WARN_UNGUARDED_AVAILABILITY = YES_AGGRESSIVE;
				CLANG_WARN_UNREACHABLE_CODE = YES;
				CLANG_WARN__DUPLICATE_METHOD_MATCH = YES;
				COPY_PHASE_STRIP = NO;
				DEBUG_INFORMATION_FORMAT = "dwarf-with-dsym";
				ENABLE_NS_ASSERTIONS = NO;
				ENABLE_STRICT_OBJC_MSGSEND = YES;
				GCC_C_LANGUAGE_STANDARD = gnu11;
				GCC_NO_COMMON_BLOCKS = YES;
				GCC_WARN_64_TO_32_BIT_CONVERSION = YES;
				GCC_WARN_ABOUT_RETURN_TYPE = YES_ERROR;
				GCC_WARN_UNDECLARED_SELECTOR = YES;
				GCC_WARN_UNINITIALIZED_AUTOS = YES_AGGRESSIVE;
				GCC_WARN_UNUSED_FUNCTION = YES;
				GCC_WARN_UNUSED_VARIABLE = YES;
				IPHONEOS_DEPLOYMENT_TARGET = 15.2;
				MTL_ENABLE_DEBUG_INFO = NO;
				MTL_FAST_MATH = YES;
				SDKROOT = iphoneos;
				SWIFT_COMPILATION_MODE = wholemodule;
				SWIFT_OPTIMIZATION_LEVEL = "-O";
				VALIDATE_PRODUCT = YES;
			};
			name = Release;
		};
		91B4524227AF836600FF43A6 /* Debug */ = {
			isa = XCBuildConfiguration;
			buildSettings = {
				ASSETCATALOG_COMPILER_APPICON_NAME = AppIcon;
				ASSETCATALOG_COMPILER_GLOBAL_ACCENT_COLOR_NAME = AccentColor;
				CODE_SIGN_STYLE = Automatic;
				CURRENT_PROJECT_VERSION = 1;
				DEVELOPMENT_ASSET_PATHS = "\"HockeyInfoDatabase/Preview Content\"";
				DEVELOPMENT_TEAM = C37927XKUL;
				ENABLE_PREVIEWS = YES;
				GENERATE_INFOPLIST_FILE = YES;
				INFOPLIST_KEY_UIApplicationSceneManifest_Generation = YES;
				INFOPLIST_KEY_UIApplicationSupportsIndirectInputEvents = YES;
				INFOPLIST_KEY_UILaunchScreen_Generation = YES;
				INFOPLIST_KEY_UISupportedInterfaceOrientations_iPad = "UIInterfaceOrientationPortrait UIInterfaceOrientationPortraitUpsideDown UIInterfaceOrientationLandscapeLeft UIInterfaceOrientationLandscapeRight";
				INFOPLIST_KEY_UISupportedInterfaceOrientations_iPhone = "UIInterfaceOrientationPortrait UIInterfaceOrientationLandscapeLeft UIInterfaceOrientationLandscapeRight";
				LD_RUNPATH_SEARCH_PATHS = (
					"$(inherited)",
					"@executable_path/Frameworks",
				);
				MARKETING_VERSION = 1.0;
				PRODUCT_BUNDLE_IDENTIFIER = com.larryburris.HockeyInfoDatabase;
				PRODUCT_NAME = "$(TARGET_NAME)";
				SWIFT_EMIT_LOC_STRINGS = YES;
				SWIFT_VERSION = 5.0;
				TARGETED_DEVICE_FAMILY = "1,2";
			};
			name = Debug;
		};
		91B4524327AF836600FF43A6 /* Release */ = {
			isa = XCBuildConfiguration;
			buildSettings = {
				ASSETCATALOG_COMPILER_APPICON_NAME = AppIcon;
				ASSETCATALOG_COMPILER_GLOBAL_ACCENT_COLOR_NAME = AccentColor;
				CODE_SIGN_STYLE = Automatic;
				CURRENT_PROJECT_VERSION = 1;
				DEVELOPMENT_ASSET_PATHS = "\"HockeyInfoDatabase/Preview Content\"";
				DEVELOPMENT_TEAM = C37927XKUL;
				ENABLE_PREVIEWS = YES;
				GENERATE_INFOPLIST_FILE = YES;
				INFOPLIST_KEY_UIApplicationSceneManifest_Generation = YES;
				INFOPLIST_KEY_UIApplicationSupportsIndirectInputEvents = YES;
				INFOPLIST_KEY_UILaunchScreen_Generation = YES;
				INFOPLIST_KEY_UISupportedInterfaceOrientations_iPad = "UIInterfaceOrientationPortrait UIInterfaceOrientationPortraitUpsideDown UIInterfaceOrientationLandscapeLeft UIInterfaceOrientationLandscapeRight";
				INFOPLIST_KEY_UISupportedInterfaceOrientations_iPhone = "UIInterfaceOrientationPortrait UIInterfaceOrientationLandscapeLeft UIInterfaceOrientationLandscapeRight";
				LD_RUNPATH_SEARCH_PATHS = (
					"$(inherited)",
					"@executable_path/Frameworks",
				);
				MARKETING_VERSION = 1.0;
				PRODUCT_BUNDLE_IDENTIFIER = com.larryburris.HockeyInfoDatabase;
				PRODUCT_NAME = "$(TARGET_NAME)";
				SWIFT_EMIT_LOC_STRINGS = YES;
				SWIFT_VERSION = 5.0;
				TARGETED_DEVICE_FAMILY = "1,2";
			};
			name = Release;
		};
/* End XCBuildConfiguration section */

/* Begin XCConfigurationList section */
		91B4522E27AF836300FF43A6 /* Build configuration list for PBXProject "HockeyInfoDatabase" */ = {
			isa = XCConfigurationList;
			buildConfigurations = (
				91B4523F27AF836600FF43A6 /* Debug */,
				91B4524027AF836600FF43A6 /* Release */,
			);
			defaultConfigurationIsVisible = 0;
			defaultConfigurationName = Release;
		};
		91B4524127AF836600FF43A6 /* Build configuration list for PBXNativeTarget "HockeyInfoDatabase" */ = {
			isa = XCConfigurationList;
			buildConfigurations = (
				91B4524227AF836600FF43A6 /* Debug */,
				91B4524327AF836600FF43A6 /* Release */,
			);
			defaultConfigurationIsVisible = 0;
			defaultConfigurationName = Release;
		};
/* End XCConfigurationList section */

/* Begin XCRemoteSwiftPackageReference section */
		9132CD5627F1596A00AC253A /* XCRemoteSwiftPackageReference "realm-swift" */ = {
			isa = XCRemoteSwiftPackageReference;
			repositoryURL = "https://github.com/realm/realm-swift.git";
			requirement = {
				branch = master;
				kind = branch;
			};
		};
/* End XCRemoteSwiftPackageReference section */

/* Begin XCSwiftPackageProductDependency section */
		9132CD5727F1596A00AC253A /* Realm */ = {
			isa = XCSwiftPackageProductDependency;
			package = 9132CD5627F1596A00AC253A /* XCRemoteSwiftPackageReference "realm-swift" */;
			productName = Realm;
		};
		9132CD5927F1596A00AC253A /* RealmSwift */ = {
			isa = XCSwiftPackageProductDependency;
			package = 9132CD5627F1596A00AC253A /* XCRemoteSwiftPackageReference "realm-swift" */;
			productName = RealmSwift;
		};
/* End XCSwiftPackageProductDependency section */
	};
	rootObject = 91B4522B27AF836300FF43A6 /* Project object */;
}
